<?xml version="1.0" encoding="utf-8"?>
<Project ToolsVersion="4.0" xmlns="http://schemas.microsoft.com/developer/msbuild/2003">
  <ItemGroup>
    <Filter Include="Source Files">
      <UniqueIdentifier>{4FC737F1-C7A5-4376-A066-2A32D752A2FF}</UniqueIdentifier>
      <Extensions>cpp;c;cc;cxx;def;odl;idl;hpj;bat;asm;asmx</Extensions>
    </Filter>
    <Filter Include="Header Files">
      <UniqueIdentifier>{93995380-89BD-4b04-88EB-625FBE52EBFB}</UniqueIdentifier>
      <Extensions>h;hh;hpp;hxx;hm;inl;inc;xsd</Extensions>
    </Filter>
    <Filter Include="Resource Files">
      <UniqueIdentifier>{67DA6AB6-F800-4c08-8B7A-83BB121AAD01}</UniqueIdentifier>
      <Extensions>rc;ico;cur;bmp;dlg;rc2;rct;bin;rgs;gif;jpg;jpeg;jpe;resx;tiff;tif;png;wav;mfcribbon-ms</Extensions>
    </Filter>
  </ItemGroup>
  <ItemGroup>
    <ClInclude Include="stdafx.h">
      <Filter>Header Files</Filter>
    </ClInclude>
    <ClInclude Include="targetver.h">
      <Filter>Header Files</Filter>
    </ClInclude>
    <ClInclude Include="World.h">
      <Filter>Header Files</Filter>
    </ClInclude>
  </ItemGroup>
  <ItemGroup>
    <ClCompile Include="stdafx.cpp">
      <Filter>Source Files</Filter>
    </ClCompile>
    <ClCompile Include="Game.cpp">
      <Filter>Source Files</Filter>
    </ClCompile>
    <ClCompile Include="World.cpp">
      <Filter>Source Files</Filter>
    </ClCompile>
  </ItemGroup>
  <ItemGroup>
    <Object Include="..\Box2DGame\x64\Debug\b2Collision.obj" />
    <Object Include="..\Box2DGame\x64\Debug\b2Contact.obj" />
    <Object Include="..\Box2DGame\x64\Debug\b2ContactManager.obj" />
    <Object Include="..\Box2DGame\x64\Debug\b2ContactSolver.obj" />
    <Object Include="..\Box2DGame\x64\Debug\b2Distance.obj" />
    <Object Include="..\Box2DGame\x64\Debug\b2DistanceJoint.obj" />
    <Object Include="..\Box2DGame\x64\Debug\b2Draw.obj" />
    <Object Include="..\Box2DGame\x64\Debug\b2DynamicTree.obj" />
    <Object Include="..\Box2DGame\x64\Debug\b2EdgeAndCircleContact.obj" />
    <Object Include="..\Box2DGame\x64\Debug\b2EdgeAndPolygonContact.obj" />
    <Object Include="..\Box2DGame\x64\Debug\b2EdgeShape.obj" />
    <Object Include="..\Box2DGame\x64\Debug\b2Fixture.obj" />
    <Object Include="..\Box2DGame\x64\Debug\b2FrictionJoint.obj" />
    <Object Include="..\Box2DGame\x64\Debug\b2GearJoint.obj" />
    <Object Include="..\Box2DGame\x64\Debug\b2Island.obj" />
    <Object Include="..\Box2DGame\x64\Debug\b2Joint.obj" />
    <Object Include="..\Box2DGame\x64\Debug\b2Math.obj" />
    <Object Include="..\Box2DGame\x64\Debug\b2MotorJoint.obj" />
    <Object Include="..\Box2DGame\x64\Debug\b2MouseJoint.obj" />
    <Object Include="..\Box2DGame\x64\Debug\b2PolygonAndCircleContact.obj" />
    <Object Include="..\Box2DGame\x64\Debug\b2PolygonContact.obj" />
    <Object Include="..\Box2DGame\x64\Debug\b2PolygonShape.obj" />
    <Object Include="..\Box2DGame\x64\Debug\b2PrismaticJoint.obj" />
    <Object Include="..\Box2DGame\x64\Debug\b2PulleyJoint.obj" />
    <Object Include="..\Box2DGame\x64\Debug\b2RevoluteJoint.obj" />
    <Object Include="..\Box2DGame\x64\Debug\b2Rope.obj" />
    <Object Include="..\Box2DGame\x64\Debug\b2RopeJoint.obj" />
    <Object Include="..\Box2DGame\x64\Debug\b2Settings.obj" />
    <Object Include="..\Box2DGame\x64\Debug\b2StackAllocator.obj" />
    <Object Include="..\Box2DGame\x64\Debug\b2TimeOfImpact.obj" />
    <Object Include="..\Box2DGame\x64\Debug\b2Timer.obj" />
    <Object Include="..\Box2DGame\x64\Debug\b2WeldJoint.obj" />
    <Object Include="..\Box2DGame\x64\Debug\b2WheelJoint.obj" />
    <Object Include="..\Box2DGame\x64\Debug\b2World.obj" />
    <Object Include="..\Box2DGame\x64\Debug\b2WorldCallbacks.obj" />
    <Object Include="..\Box2DGame\x64\Debug\b2BlockAllocator.obj" />
    <Object Include="..\Box2DGame\x64\Debug\b2Body.obj" />
    <Object Include="..\Box2DGame\x64\Debug\b2BroadPhase.obj" />
    <Object Include="..\Box2DGame\x64\Debug\b2ChainAndCircleContact.obj" />
    <Object Include="..\Box2DGame\x64\Debug\b2ChainAndPolygonContact.obj" />
    <Object Include="..\Box2DGame\x64\Debug\b2ChainShape.obj" />
    <Object Include="..\Box2DGame\x64\Debug\b2CircleContact.obj" />
    <Object Include="..\Box2DGame\x64\Debug\b2CircleShape.obj" />
    <Object Include="..\Box2DGame\x64\Debug\b2CollideCircle.obj" />
    <Object Include="..\Box2DGame\x64\Debug\b2CollideEdge.obj" />
    <Object Include="..\Box2DGame\x64\Debug\b2CollidePolygon.obj" />
  </ItemGroup>
</Project>